dependencies:
- name: postgresql
  repository: https://charts.bitnami.com/bitnami
  version: 14.3.3
- name: mysql
  repository: https://charts.bitnami.com/bitnami
  version: 9.23.0
digest: sha256:366b2199b63a3e44a35c3c92ab59de10dd764b9f6d7dcabf63241de424d476b8
generated: "2025-01-10T13:14:59.531652113Z"
